<?xml version="1.0" encoding="UTF-8"?>
<Scheme
   version = "1.3">
   <BuildAction>
      <BuildActionEntries>
         <BuildActionEntry
            buildForRunning = "YES">
            <BuildableReference
               BuildableIdentifier = "primary"
               BlueprintIdentifier = "60534900B24BC0DBD6D6A024"
               BuildableName = "CodeSample2016"
               BlueprintName = "CodeSample2016"
               ReferencedContainer = "container:CodeSample2016.xcodeproj">
            </BuildableReference>
         </BuildActionEntry>
      </BuildActionEntries>
   </BuildAction>
   <LaunchAction
      useCustomWorkingDirectory = "NO"
      buildConfiguration = "Debug">
      <BuildableProductRunnable>
         <BuildableReference
            BuildableIdentifier = "primary"
            BlueprintIdentifier = "60534900B24BC0DBD6D6A024"
            BuildableName = "CodeSample2016"
            BlueprintName = "CodeSample2016"
            ReferencedContainer = "container:CodeSample2016.xcodeproj">
         </BuildableReference>
      </BuildableProductRunnable>
   </LaunchAction>
</Scheme>
